
Microsoft Visual Studio Solution File, Format Version 12.00
# Visual Studio 2012
Project("{FAE04EC0-301F-11D3-BF4B-00C04F79EFBC}") = "NEventSocket", "src\NEventSocket\NEventSocket.csproj", "{83DCA19D-3FF7-4E60-A066-BAE1C5A7B65E}"
EndProject
Project("{2150E333-8FDC-42A3-9474-1A3956D46DE8}") = "SolutionItems", "SolutionItems", "{E15B83EF-2CE1-4479-A457-D340DCA80869}"
	ProjectSection(SolutionItems) = preProject
		default.ps1 = default.ps1
		src\NEventSocket\NEventSocket.nuspec = src\NEventSocket\NEventSocket.nuspec
		Settings.StyleCop = Settings.StyleCop
		SharedAssemblyInfo.cs = SharedAssemblyInfo.cs
	EndProjectSection
EndProject
Project("{2150E333-8FDC-42A3-9474-1A3956D46DE8}") = ".nuget", ".nuget", "{0AE4905F-FA88-4E5A-B622-9473D001B6D5}"
	ProjectSection(SolutionItems) = preProject
		.nuget\NuGet.Config = .nuget\NuGet.Config
		.nuget\NuGet.exe = .nuget\NuGet.exe
		.nuget\NuGet.targets = .nuget\NuGet.targets
		.nuget\packages.config = .nuget\packages.config
	EndProjectSection
EndProject
Project("{2150E333-8FDC-42A3-9474-1A3956D46DE8}") = "Tests", "Tests", "{8A973BD1-83E8-4794-A81A-538CC7069BDC}"
	ProjectSection(SolutionItems) = preProject
		test\Settings.StyleCop = test\Settings.StyleCop
	EndProjectSection
EndProject
Project("{FAE04EC0-301F-11D3-BF4B-00C04F79EFBC}") = "NEventSocket.Tests", "test\NEventSocket.Tests\NEventSocket.Tests.csproj", "{731A678B-6827-468A-BFA1-AB2533947D61}"
EndProject
Project("{2150E333-8FDC-42A3-9474-1A3956D46DE8}") = "Examples", "Examples", "{5755C001-7B02-45D2-81D6-ADF9AD698706}"
EndProject
Project("{FAE04EC0-301F-11D3-BF4B-00C04F79EFBC}") = "KitchenSink", "examples\KitchenSink\KitchenSink.csproj", "{0486B4C4-BD02-4DF1-99C8-1188400B08E1}"
EndProject
Project("{FAE04EC0-301F-11D3-BF4B-00C04F79EFBC}") = "NEventSocket.Examples", "src\NEventSocket.Examples\NEventSocket.Examples.csproj", "{D64BAE1E-EB6C-4149-91DC-8EB7A06C8374}"
EndProject
Global
	GlobalSection(SolutionConfigurationPlatforms) = preSolution
		Debug|Any CPU = Debug|Any CPU
		Release|Any CPU = Release|Any CPU
	EndGlobalSection
	GlobalSection(ProjectConfigurationPlatforms) = postSolution
		{83DCA19D-3FF7-4E60-A066-BAE1C5A7B65E}.Debug|Any CPU.ActiveCfg = Debug|Any CPU
		{83DCA19D-3FF7-4E60-A066-BAE1C5A7B65E}.Debug|Any CPU.Build.0 = Debug|Any CPU
		{83DCA19D-3FF7-4E60-A066-BAE1C5A7B65E}.Release|Any CPU.ActiveCfg = Release|Any CPU
		{83DCA19D-3FF7-4E60-A066-BAE1C5A7B65E}.Release|Any CPU.Build.0 = Release|Any CPU
		{731A678B-6827-468A-BFA1-AB2533947D61}.Debug|Any CPU.ActiveCfg = Debug|Any CPU
		{731A678B-6827-468A-BFA1-AB2533947D61}.Debug|Any CPU.Build.0 = Debug|Any CPU
		{731A678B-6827-468A-BFA1-AB2533947D61}.Release|Any CPU.ActiveCfg = Release|Any CPU
		{731A678B-6827-468A-BFA1-AB2533947D61}.Release|Any CPU.Build.0 = Release|Any CPU
		{0486B4C4-BD02-4DF1-99C8-1188400B08E1}.Debug|Any CPU.ActiveCfg = Debug|Any CPU
		{0486B4C4-BD02-4DF1-99C8-1188400B08E1}.Debug|Any CPU.Build.0 = Debug|Any CPU
		{0486B4C4-BD02-4DF1-99C8-1188400B08E1}.Release|Any CPU.ActiveCfg = Release|Any CPU
		{0486B4C4-BD02-4DF1-99C8-1188400B08E1}.Release|Any CPU.Build.0 = Release|Any CPU
		{D64BAE1E-EB6C-4149-91DC-8EB7A06C8374}.Debug|Any CPU.ActiveCfg = Debug|Any CPU
		{D64BAE1E-EB6C-4149-91DC-8EB7A06C8374}.Debug|Any CPU.Build.0 = Debug|Any CPU
		{D64BAE1E-EB6C-4149-91DC-8EB7A06C8374}.Release|Any CPU.ActiveCfg = Release|Any CPU
		{D64BAE1E-EB6C-4149-91DC-8EB7A06C8374}.Release|Any CPU.Build.0 = Release|Any CPU
	EndGlobalSection
	GlobalSection(SolutionProperties) = preSolution
		HideSolutionNode = FALSE
	EndGlobalSection
	GlobalSection(NestedProjects) = preSolution
		{731A678B-6827-468A-BFA1-AB2533947D61} = {8A973BD1-83E8-4794-A81A-538CC7069BDC}
		{0486B4C4-BD02-4DF1-99C8-1188400B08E1} = {5755C001-7B02-45D2-81D6-ADF9AD698706}
	EndGlobalSection
EndGlobal
